// !$*UTF8*$!
{
	archiveVersion = 1;
	classes = {
	};
	objectVersion = 51;
	objects = {

/* Begin PBXBuildFile section */
		1031DA5E263C41EC00E817AF /* PreviewController.swift in Sources */ = {isa = PBXBuildFile; fileRef = 1031DA5D263C41EC00E817AF /* PreviewController.swift */; };
		1031DA61263C429100E817AF /* CategoryController.swift in Sources */ = {isa = PBXBuildFile; fileRef = 1031DA60263C429100E817AF /* CategoryController.swift */; };
		1031DA64263C42E100E817AF /* MenuController.swift in Sources */ = {isa = PBXBuildFile; fileRef = 1031DA63263C42E100E817AF /* MenuController.swift */; };
		10518CC9263C378F0076FA3D /* StoreController.swift in Sources */ = {isa = PBXBuildFile; fileRef = 10518CC8263C378F0076FA3D /* StoreController.swift */; };
		10BA9FC2263C82DE005A1FA9 /* OrderController.swift in Sources */ = {isa = PBXBuildFile; fileRef = 10BA9FC1263C82DE005A1FA9 /* OrderController.swift */; };
		10DEE05A263BB3C90006228B /* AppDelegate.swift in Sources */ = {isa = PBXBuildFile; fileRef = 10DEE059263BB3C90006228B /* AppDelegate.swift */; };
		10DEE05C263BB3C90006228B /* SceneDelegate.swift in Sources */ = {isa = PBXBuildFile; fileRef = 10DEE05B263BB3C90006228B /* SceneDelegate.swift */; };
		10DEE05E263BB3C90006228B /* ViewController.swift in Sources */ = {isa = PBXBuildFile; fileRef = 10DEE05D263BB3C90006228B /* ViewController.swift */; };
		10DEE061263BB3C90006228B /* Main.storyboard in Resources */ = {isa = PBXBuildFile; fileRef = 10DEE05F263BB3C90006228B /* Main.storyboard */; };
		10DEE063263BB3CA0006228B /* Assets.xcassets in Resources */ = {isa = PBXBuildFile; fileRef = 10DEE062263BB3CA0006228B /* Assets.xcassets */; };
		10DEE066263BB3CA0006228B /* LaunchScreen.storyboard in Resources */ = {isa = PBXBuildFile; fileRef = 10DEE064263BB3CA0006228B /* LaunchScreen.storyboard */; };
		10E75845263BD15B006C0BBB /* LoginViewController.swift in Sources */ = {isa = PBXBuildFile; fileRef = 10E75844263BD15B006C0BBB /* LoginViewController.swift */; };
		10E7584A263BD58C006C0BBB /* GoogleService-Info.plist in Resources */ = {isa = PBXBuildFile; fileRef = 10E75849263BD58C006C0BBB /* GoogleService-Info.plist */; };
		10E75895263C0617006C0BBB /* CreateAccountViewController.swift in Sources */ = {isa = PBXBuildFile; fileRef = 10E75894263C0617006C0BBB /* CreateAccountViewController.swift */; };
		10E75898263C09D0006C0BBB /* ValidationClass.swift in Sources */ = {isa = PBXBuildFile; fileRef = 10E75897263C09D0006C0BBB /* ValidationClass.swift */; };
		10E7589B263C14CE006C0BBB /* ResetPassword.swift in Sources */ = {isa = PBXBuildFile; fileRef = 10E7589A263C14CE006C0BBB /* ResetPassword.swift */; };
		7E80A4615E7A7A9059BE8277 /* libPods-NibmCafeShopApp_192p032.a in Frameworks */ = {isa = PBXBuildFile; fileRef = EC6FDAC4B26EBB26383805FF /* libPods-NibmCafeShopApp_192p032.a */; };
/* End PBXBuildFile section */

/* Begin PBXFileReference section */
		1031DA5D263C41EC00E817AF /* PreviewController.swift */ = {isa = PBXFileReference; lastKnownFileType = sourcecode.swift; path = PreviewController.swift; sourceTree = "<group>"; };
		1031DA60263C429100E817AF /* CategoryController.swift */ = {isa = PBXFileReference; lastKnownFileType = sourcecode.swift; path = CategoryController.swift; sourceTree = "<group>"; };
		1031DA63263C42E100E817AF /* MenuController.swift */ = {isa = PBXFileReference; lastKnownFileType = sourcecode.swift; path = MenuController.swift; sourceTree = "<group>"; };
		10518CC8263C378F0076FA3D /* StoreController.swift */ = {isa = PBXFileReference; lastKnownFileType = sourcecode.swift; path = StoreController.swift; sourceTree = "<group>"; };
		10BA9FC1263C82DE005A1FA9 /* OrderController.swift */ = {isa = PBXFileReference; lastKnownFileType = sourcecode.swift; path = OrderController.swift; sourceTree = "<group>"; };
		10DEE056263BB3C90006228B /* NibmCafeShopApp_192p032.app */ = {isa = PBXFileReference; explicitFileType = wrapper.application; includeInIndex = 0; path = NibmCafeShopApp_192p032.app; sourceTree = BUILT_PRODUCTS_DIR; };
		10DEE059263BB3C90006228B /* AppDelegate.swift */ = {isa = PBXFileReference; lastKnownFileType = sourcecode.swift; path = AppDelegate.swift; sourceTree = "<group>"; };
		10DEE05B263BB3C90006228B /* SceneDelegate.swift */ = {isa = PBXFileReference; lastKnownFileType = sourcecode.swift; path = SceneDelegate.swift; sourceTree = "<group>"; };
		10DEE05D263BB3C90006228B /* ViewController.swift */ = {isa = PBXFileReference; lastKnownFileType = sourcecode.swift; path = ViewController.swift; sourceTree = "<group>"; };
		10DEE060263BB3C90006228B /* Base */ = {isa = PBXFileReference; lastKnownFileType = file.storyboard; name = Base; path = Base.lproj/Main.storyboard; sourceTree = "<group>"; };
		10DEE062263BB3CA0006228B /* Assets.xcassets */ = {isa = PBXFileReference; lastKnownFileType = folder.assetcatalog; path = Assets.xcassets; sourceTree = "<group>"; };
		10DEE065263BB3CA0006228B /* Base */ = {isa = PBXFileReference; lastKnownFileType = file.storyboard; name = Base; path = Base.lproj/LaunchScreen.storyboard; sourceTree = "<group>"; };
		10DEE067263BB3CA0006228B /* Info.plist */ = {isa = PBXFileReference; lastKnownFileType = text.plist.xml; path = Info.plist; sourceTree = "<group>"; };
		10E75844263BD15B006C0BBB /* LoginViewController.swift */ = {isa = PBXFileReference; lastKnownFileType = sourcecode.swift; path = LoginViewController.swift; sourceTree = "<group>"; };
		10E75849263BD58C006C0BBB /* GoogleService-Info.plist */ = {isa = PBXFileReference; fileEncoding = 4; lastKnownFileType = text.plist.xml; path = "GoogleService-Info.plist"; sourceTree = "<group>"; };
		10E75894263C0617006C0BBB /* CreateAccountViewController.swift */ = {isa = PBXFileReference; lastKnownFileType = sourcecode.swift; path = CreateAccountViewController.swift; sourceTree = "<group>"; };
		10E75897263C09D0006C0BBB /* ValidationClass.swift */ = {isa = PBXFileReference; lastKnownFileType = sourcecode.swift; path = ValidationClass.swift; sourceTree = "<group>"; };
		10E7589A263C14CE006C0BBB /* ResetPassword.swift */ = {isa = PBXFileReference; lastKnownFileType = sourcecode.swift; path = ResetPassword.swift; sourceTree = "<group>"; };
		9E2B6AC43900876E34E63F60 /* Pods-NibmCafeShopApp_192p032.debug.xcconfig */ = {isa = PBXFileReference; includeInIndex = 1; lastKnownFileType = text.xcconfig; name = "Pods-NibmCafeShopApp_192p032.debug.xcconfig"; path = "Target Support Files/Pods-NibmCafeShopApp_192p032/Pods-NibmCafeShopApp_192p032.debug.xcconfig"; sourceTree = "<group>"; };
		DAB87C954303B877EEA67787 /* Pods-NibmCafeShopApp_192p032.release.xcconfig */ = {isa = PBXFileReference; includeInIndex = 1; lastKnownFileType = text.xcconfig; name = "Pods-NibmCafeShopApp_192p032.release.xcconfig"; path = "Target Support Files/Pods-NibmCafeShopApp_192p032/Pods-NibmCafeShopApp_192p032.release.xcconfig"; sourceTree = "<group>"; };
		EC6FDAC4B26EBB26383805FF /* libPods-NibmCafeShopApp_192p032.a */ = {isa = PBXFileReference; explicitFileType = archive.ar; includeInIndex = 0; path = "libPods-NibmCafeShopApp_192p032.a"; sourceTree = BUILT_PRODUCTS_DIR; };
/* End PBXFileReference section */

/* Begin PBXFrameworksBuildPhase section */
		10DEE053263BB3C90006228B /* Frameworks */ = {
			isa = PBXFrameworksBuildPhase;
			buildActionMask = 2147483647;
			files = (
				7E80A4615E7A7A9059BE8277 /* libPods-NibmCafeShopApp_192p032.a in Frameworks */,
			);
			runOnlyForDeploymentPostprocessing = 0;
		};
/* End PBXFrameworksBuildPhase section */

/* Begin PBXGroup section */
		10DEE04D263BB3C90006228B = {
			isa = PBXGroup;
			children = (
				10DEE058263BB3C90006228B /* NibmCafeShopApp_192p032 */,
				10DEE057263BB3C90006228B /* Products */,
				E83CFDCDC65C4A6F74204D1F /* Pods */,
				BCA8B0E955A8BBC68655E52C /* Frameworks */,
			);
			sourceTree = "<group>";
		};
		10DEE057263BB3C90006228B /* Products */ = {
			isa = PBXGroup;
			children = (
				10DEE056263BB3C90006228B /* NibmCafeShopApp_192p032.app */,
			);
			name = Products;
			sourceTree = "<group>";
		};
		10DEE058263BB3C90006228B /* NibmCafeShopApp_192p032 */ = {
			isa = PBXGroup;
			children = (
				10E75849263BD58C006C0BBB /* GoogleService-Info.plist */,
				10DEE059263BB3C90006228B /* AppDelegate.swift */,
				10DEE05B263BB3C90006228B /* SceneDelegate.swift */,
				10DEE05D263BB3C90006228B /* ViewController.swift */,
				10DEE05F263BB3C90006228B /* Main.storyboard */,
				10DEE062263BB3CA0006228B /* Assets.xcassets */,
				10DEE064263BB3CA0006228B /* LaunchScreen.storyboard */,
				10DEE067263BB3CA0006228B /* Info.plist */,
				10E75844263BD15B006C0BBB /* LoginViewController.swift */,
				10E75894263C0617006C0BBB /* CreateAccountViewController.swift */,
				10E75897263C09D0006C0BBB /* ValidationClass.swift */,
				10E7589A263C14CE006C0BBB /* ResetPassword.swift */,
				10518CC8263C378F0076FA3D /* StoreController.swift */,
				1031DA5D263C41EC00E817AF /* PreviewController.swift */,
				1031DA60263C429100E817AF /* CategoryController.swift */,
				1031DA63263C42E100E817AF /* MenuController.swift */,
				10BA9FC1263C82DE005A1FA9 /* OrderController.swift */,
			);
			path = NibmCafeShopApp_192p032;
			sourceTree = "<group>";
		};
		BCA8B0E955A8BBC68655E52C /* Frameworks */ = {
			isa = PBXGroup;
			children = (
				EC6FDAC4B26EBB26383805FF /* libPods-NibmCafeShopApp_192p032.a */,
			);
			name = Frameworks;
			sourceTree = "<group>";
		};
		E83CFDCDC65C4A6F74204D1F /* Pods */ = {
			isa = PBXGroup;
			children = (
				9E2B6AC43900876E34E63F60 /* Pods-NibmCafeShopApp_192p032.debug.xcconfig */,
				DAB87C954303B877EEA67787 /* Pods-NibmCafeShopApp_192p032.release.xcconfig */,
			);
			path = Pods;
			sourceTree = "<group>";
		};
/* End PBXGroup section */

/* Begin PBXNativeTarget section */
		10DEE055263BB3C90006228B /* NibmCafeShopApp_192p032 */ = {
			isa = PBXNativeTarget;
			buildConfigurationList = 10DEE06A263BB3CA0006228B /* Build configuration list for PBXNativeTarget "NibmCafeShopApp_192p032" */;
			buildPhases = (
				9264575C0A60AD8EDEB7DB7D /* [CP] Check Pods Manifest.lock */,
				10DEE052263BB3C90006228B /* Sources */,
				10DEE053263BB3C90006228B /* Frameworks */,
				10DEE054263BB3C90006228B /* Resources */,
				72E4652D0C53A2871D89C412 /* [CP] Copy Pods Resources */,
			);
			buildRules = (
			);
			dependencies = (
			);
			name = NibmCafeShopApp_192p032;
			productName = NibmCafeShopApp_192p032;
			productReference = 10DEE056263BB3C90006228B /* NibmCafeShopApp_192p032.app */;
			productType = "com.apple.product-type.application";
		};
/* End PBXNativeTarget section */

/* Begin PBXProject section */
		10DEE04E263BB3C90006228B /* Project object */ = {
			isa = PBXProject;
			attributes = {
				LastSwiftUpdateCheck = 1240;
				LastUpgradeCheck = 1240;
				TargetAttributes = {
					10DEE055263BB3C90006228B = {
						CreatedOnToolsVersion = 12.4;
					};
				};
			};
			buildConfigurationList = 10DEE051263BB3C90006228B /* Build configuration list for PBXProject "NibmCafeShopApp_192p032" */;
			compatibilityVersion = "Xcode 9.3";
			developmentRegion = en;
			hasScannedForEncodings = 0;
			knownRegions = (
				en,
				Base,
			);
			mainGroup = 10DEE04D263BB3C90006228B;
			productRefGroup = 10DEE057263BB3C90006228B /* Products */;
			projectDirPath = "";
			projectRoot = "";
			targets = (
				10DEE055263BB3C90006228B /* NibmCafeShopApp_192p032 */,
			);
		};
/* End PBXProject section */

/* Begin PBXResourcesBuildPhase section */
		10DEE054263BB3C90006228B /* Resources */ = {
			isa = PBXResourcesBuildPhase;
			buildActionMask = 2147483647;
			files = (
				10DEE066263BB3CA0006228B /* LaunchScreen.storyboard in Resources */,
				10E7584A263BD58C006C0BBB /* GoogleService-Info.plist in Resources */,
				10DEE063263BB3CA0006228B /* Assets.xcassets in Resources */,
				10DEE061263BB3C90006228B /* Main.storyboard in Resources */,
			);
			runOnlyForDeploymentPostprocessing = 0;
		};
/* End PBXResourcesBuildPhase section */

/* Begin PBXShellScriptBuildPhase section */
		72E4652D0C53A2871D89C412 /* [CP] Copy Pods Resources */ = {
			isa = PBXShellScriptBuildPhase;
			buildActionMask = 2147483647;
			files = (
			);
			inputFileListPaths = (
				"${PODS_ROOT}/Target Support Files/Pods-NibmCafeShopApp_192p032/Pods-NibmCafeShopApp_192p032-resources-${CONFIGURATION}-input-files.xcfilelist",
			);
			name = "[CP] Copy Pods Resources";
			outputFileListPaths = (
				"${PODS_ROOT}/Target Support Files/Pods-NibmCafeShopApp_192p032/Pods-NibmCafeShopApp_192p032-resources-${CONFIGURATION}-output-files.xcfilelist",
			);
			runOnlyForDeploymentPostprocessing = 0;
			shellPath = /bin/sh;
			shellScript = "\"${PODS_ROOT}/Target Support Files/Pods-NibmCafeShopApp_192p032/Pods-NibmCafeShopApp_192p032-resources.sh\"\n";
			showEnvVarsInLog = 0;
		};
		9264575C0A60AD8EDEB7DB7D /* [CP] Check Pods Manifest.lock */ = {
			isa = PBXShellScriptBuildPhase;
			buildActionMask = 2147483647;
			files = (
			);
			inputFileListPaths = (
			);
			inputPaths = (
				"${PODS_PODFILE_DIR_PATH}/Podfile.lock",
				"${PODS_ROOT}/Manifest.lock",
			);
			name = "[CP] Check Pods Manifest.lock";
			outputFileListPaths = (
			);
			outputPaths = (
				"$(DERIVED_FILE_DIR)/Pods-NibmCafeShopApp_192p032-checkManifestLockResult.txt",
			);
			runOnlyForDeploymentPostprocessing = 0;
			shellPath = /bin/sh;
			shellScript = "diff \"${PODS_PODFILE_DIR_PATH}/Podfile.lock\" \"${PODS_ROOT}/Manifest.lock\" > /dev/null\nif [ $? != 0 ] ; then\n    # print error to STDERR\n    echo \"error: The sandbox is not in sync with the Podfile.lock. Run 'pod install' or update your CocoaPods installation.\" >&2\n    exit 1\nfi\n# This output is used by Xcode 'outputs' to avoid re-running this script phase.\necho \"SUCCESS\" > \"${SCRIPT_OUTPUT_FILE_0}\"\n";
			showEnvVarsInLog = 0;
		};
/* End PBXShellScriptBuildPhase section */

/* Begin PBXSourcesBuildPhase section */
		10DEE052263BB3C90006228B /* Sources */ = {
			isa = PBXSourcesBuildPhase;
			buildActionMask = 2147483647;
			files = (
				10BA9FC2263C82DE005A1FA9 /* OrderController.swift in Sources */,
				1031DA5E263C41EC00E817AF /* PreviewController.swift in Sources */,
				1031DA61263C429100E817AF /* CategoryController.swift in Sources */,
				10E75895263C0617006C0BBB /* CreateAccountViewController.swift in Sources */,
				10518CC9263C378F0076FA3D /* StoreController.swift in Sources */,
				10E75845263BD15B006C0BBB /* LoginViewController.swift in Sources */,
				1031DA64263C42E100E817AF /* MenuController.swift in Sources */,
				10E7589B263C14CE006C0BBB /* ResetPassword.swift in Sources */,
				10DEE05E263BB3C90006228B /* ViewController.swift in Sources */,
				10DEE05A263BB3C90006228B /* AppDelegate.swift in Sources */,
				10DEE05C263BB3C90006228B /* SceneDelegate.swift in Sources */,
				10E75898263C09D0006C0BBB /* ValidationClass.swift in Sources */,
			);
			runOnlyForDeploymentPostprocessing = 0;
		};
/* End PBXSourcesBuildPhase section */

/* Begin PBXVariantGroup section */
		10DEE05F263BB3C90006228B /* Main.storyboard */ = {
			isa = PBXVariantGroup;
			children = (
				10DEE060263BB3C90006228B /* Base */,
			);
			name = Main.storyboard;
			sourceTree = "<group>";
		};
		10DEE064263BB3CA0006228B /* LaunchScreen.storyboard */ = {
			isa = PBXVariantGroup;
			children = (
				10DEE065263BB3CA0006228B /* Base */,
			);
			name = LaunchScreen.storyboard;
			sourceTree = "<group>";
		};
/* End PBXVariantGroup section */

/* Begin XCBuildConfiguration section */
		10DEE068263BB3CA0006228B /* Debug */ = {
			isa = XCBuildConfiguration;
			buildSettings = {
				ALWAYS_SEARCH_USER_PATHS = NO;
				CLANG_ANALYZER_NONNULL = YES;
				CLANG_ANALYZER_NUMBER_OBJECT_CONVERSION = YES_AGGRESSIVE;
				CLANG_CXX_LANGUAGE_STANDARD = "gnu++14";
				CLANG_CXX_LIBRARY = "libc++";
				CLANG_ENABLE_MODULES = YES;
				CLANG_ENABLE_OBJC_ARC = YES;
				CLANG_ENABLE_OBJC_WEAK = YES;
				CLANG_WARN_BLOCK_CAPTURE_AUTORELEASING = YES;
				CLANG_WARN_BOOL_CONVERSION = YES;
				CLANG_WARN_COMMA = YES;
				CLANG_WARN_CONSTANT_CONVERSION = YES;
				CLANG_WARN_DEPRECATED_OBJC_IMPLEMENTATIONS = YES;
				CLANG_WARN_DIRECT_OBJC_ISA_USAGE = YES_ERROR;
				CLANG_WARN_DOCUMENTATION_COMMENTS = YES;
				CLANG_WARN_EMPTY_BODY = YES;
				CLANG_WARN_ENUM_CONVERSION = YES;
				CLANG_WARN_INFINITE_RECURSION = YES;
				CLANG_WARN_INT_CONVERSION = YES;
				CLANG_WARN_NON_LITERAL_NULL_CONVERSION = YES;
				CLANG_WARN_OBJC_IMPLICIT_RETAIN_SELF = YES;
				CLANG_WARN_OBJC_LITERAL_CONVERSION = YES;
				CLANG_WARN_OBJC_ROOT_CLASS = YES_ERROR;
				CLANG_WARN_QUOTED_INCLUDE_IN_FRAMEWORK_HEADER = YES;
				CLANG_WARN_RANGE_LOOP_ANALYSIS = YES;
				CLANG_WARN_STRICT_PROTOTYPES = YES;
				CLANG_WARN_SUSPICIOUS_MOVE = YES;
				CLANG_WARN_UNGUARDED_AVAILABILITY = YES_AGGRESSIVE;
				CLANG_WARN_UNREACHABLE_CODE = YES;
				CLANG_WARN__DUPLICATE_METHOD_MATCH = YES;
				COPY_PHASE_STRIP = NO;
				DEBUG_INFORMATION_FORMAT = dwarf;
				ENABLE_STRICT_OBJC_MSGSEND = YES;
				ENABLE_TESTABILITY = YES;
				GCC_C_LANGUAGE_STANDARD = gnu11;
				GCC_DYNAMIC_NO_PIC = NO;
				GCC_NO_COMMON_BLOCKS = YES;
				GCC_OPTIMIZATION_LEVEL = 0;
				GCC_PREPROCESSOR_DEFINITIONS = (
					"DEBUG=1",
					"$(inherited)",
				);
				GCC_WARN_64_TO_32_BIT_CONVERSION = YES;
				GCC_WARN_ABOUT_RETURN_TYPE = YES_ERROR;
				GCC_WARN_UNDECLARED_SELECTOR = YES;
				GCC_WARN_UNINITIALIZED_AUTOS = YES_AGGRESSIVE;
				GCC_WARN_UNUSED_FUNCTION = YES;
				GCC_WARN_UNUSED_VARIABLE = YES;
				IPHONEOS_DEPLOYMENT_TARGET = 14.4;
				MTL_ENABLE_DEBUG_INFO = INCLUDE_SOURCE;
				MTL_FAST_MATH = YES;
				ONLY_ACTIVE_ARCH = YES;
				SDKROOT = iphoneos;
				SWIFT_ACTIVE_COMPILATION_CONDITIONS = DEBUG;
				SWIFT_OPTIMIZATION_LEVEL = "-Onone";
			};
			name = Debug;
		};
		10DEE069263BB3CA0006228B /* Release */ = {
			isa = XCBuildConfiguration;
			buildSettings = {
				ALWAYS_SEARCH_USER_PATHS = NO;
				CLANG_ANALYZER_NONNULL = YES;
				CLANG_ANALYZER_NUMBER_OBJECT_CONVERSION = YES_AGGRESSIVE;
				CLANG_CXX_LANGUAGE_STANDARD = "gnu++14";
				CLANG_CXX_LIBRARY = "libc++";
				CLANG_ENABLE_MODULES = YES;
				CLANG_ENABLE_OBJC_ARC = YES;
				CLANG_ENABLE_OBJC_WEAK = YES;
				CLANG_WARN_BLOCK_CAPTURE_AUTORELEASING = YES;
				CLANG_WARN_BOOL_CONVERSION = YES;
				CLANG_WARN_COMMA = YES;
				CLANG_WARN_CONSTANT_CONVERSION = YES;
				CLANG_WARN_DEPRECATED_OBJC_IMPLEMENTATIONS = YES;
				CLANG_WARN_DIRECT_OBJC_ISA_USAGE = YES_ERROR;
				CLANG_WARN_DOCUMENTATION_COMMENTS = YES;
				CLANG_WARN_EMPTY_BODY = YES;
				CLANG_WARN_ENUM_CONVERSION = YES;
				CLANG_WARN_INFINITE_RECURSION = YES;
				CLANG_WARN_INT_CONVERSION = YES;
				CLANG_WARN_NON_LITERAL_NULL_CONVERSION = YES;
				CLANG_WARN_OBJC_IMPLICIT_RETAIN_SELF = YES;
				CLANG_WARN_OBJC_LITERAL_CONVERSION = YES;
				CLANG_WARN_OBJC_ROOT_CLASS = YES_ERROR;
				CLANG_WARN_QUOTED_INCLUDE_IN_FRAMEWORK_HEADER = YES;
				CLANG_WARN_RANGE_LOOP_ANALYSIS = YES;
				CLANG_WARN_STRICT_PROTOTYPES = YES;
				CLANG_WARN_SUSPICIOUS_MOVE = YES;
				CLANG_WARN_UNGUARDED_AVAILABILITY = YES_AGGRESSIVE;
				CLANG_WARN_UNREACHABLE_CODE = YES;
				CLANG_WARN__DUPLICATE_METHOD_MATCH = YES;
				COPY_PHASE_STRIP = NO;
				DEBUG_INFORMATION_FORMAT = "dwarf-with-dsym";
				ENABLE_NS_ASSERTIONS = NO;
				ENABLE_STRICT_OBJC_MSGSEND = YES;
				GCC_C_LANGUAGE_STANDARD = gnu11;
				GCC_NO_COMMON_BLOCKS = YES;
				GCC_WARN_64_TO_32_BIT_CONVERSION = YES;
				GCC_WARN_ABOUT_RETURN_TYPE = YES_ERROR;
				GCC_WARN_UNDECLARED_SELECTOR = YES;
				GCC_WARN_UNINITIALIZED_AUTOS = YES_AGGRESSIVE;
				GCC_WARN_UNUSED_FUNCTION = YES;
				GCC_WARN_UNUSED_VARIABLE = YES;
				IPHONEOS_DEPLOYMENT_TARGET = 14.4;
				MTL_ENABLE_DEBUG_INFO = NO;
				MTL_FAST_MATH = YES;
				SDKROOT = iphoneos;
				SWIFT_COMPILATION_MODE = wholemodule;
				SWIFT_OPTIMIZATION_LEVEL = "-O";
				VALIDATE_PRODUCT = YES;
			};
			name = Release;
		};
		10DEE06B263BB3CA0006228B /* Debug */ = {
			isa = XCBuildConfiguration;
			baseConfigurationReference = 9E2B6AC43900876E34E63F60 /* Pods-NibmCafeShopApp_192p032.debug.xcconfig */;
			buildSettings = {
				ASSETCATALOG_COMPILER_APPICON_NAME = AppIcon;
				ASSETCATALOG_COMPILER_GLOBAL_ACCENT_COLOR_NAME = AccentColor;
				CODE_SIGN_STYLE = Automatic;
				DEVELOPMENT_TEAM = N9YCJMAX2L;
				INFOPLIST_FILE = NibmCafeShopApp_192p032/Info.plist;
				LD_RUNPATH_SEARCH_PATHS = (
					"$(inherited)",
					"@executable_path/Frameworks",
				);
				PRODUCT_BUNDLE_IDENTIFIER = "costa.NibmCafeShopApp-192p032";
				PRODUCT_NAME = "$(TARGET_NAME)";
				SWIFT_VERSION = 5.0;
				TARGETED_DEVICE_FAMILY = "1,2";
			};
			name = Debug;
		};
		10DEE06C263BB3CA0006228B /* Release */ = {
			isa = XCBuildConfiguration;
			baseConfigurationReference = DAB87C954303B877EEA67787 /* Pods-NibmCafeShopApp_192p032.release.xcconfig */;
			buildSettings = {
				ASSETCATALOG_COMPILER_APPICON_NAME = AppIcon;
				ASSETCATALOG_COMPILER_GLOBAL_ACCENT_COLOR_NAME = AccentColor;
				CODE_SIGN_STYLE = Automatic;
				DEVELOPMENT_TEAM = N9YCJMAX2L;
				INFOPLIST_FILE = NibmCafeShopApp_192p032/Info.plist;
				LD_RUNPATH_SEARCH_PATHS = (
					"$(inherited)",
					"@executable_path/Frameworks",
				);
				PRODUCT_BUNDLE_IDENTIFIER = "costa.NibmCafeShopApp-192p032";
				PRODUCT_NAME = "$(TARGET_NAME)";
				SWIFT_VERSION = 5.0;
				TARGETED_DEVICE_FAMILY = "1,2";
			};
			name = Release;
		};
/* End XCBuildConfiguration section */

/* Begin XCConfigurationList section */
		10DEE051263BB3C90006228B /* Build configuration list for PBXProject "NibmCafeShopApp_192p032" */ = {
			isa = XCConfigurationList;
			buildConfigurations = (
				10DEE068263BB3CA0006228B /* Debug */,
				10DEE069263BB3CA0006228B /* Release */,
			);
			defaultConfigurationIsVisible = 0;
			defaultConfigurationName = Release;
		};
		10DEE06A263BB3CA0006228B /* Build configuration list for PBXNativeTarget "NibmCafeShopApp_192p032" */ = {
			isa = XCConfigurationList;
			buildConfigurations = (
				10DEE06B263BB3CA0006228B /* Debug */,
				10DEE06C263BB3CA0006228B /* Release */,
			);
			defaultConfigurationIsVisible = 0;
			defaultConfigurationName = Release;
		};
/* End XCConfigurationList section */
	};
	rootObject = 10DEE04E263BB3C90006228B /* Project object */;
}
